{
  "requires": true,
  "lockfileVersion": 1,
  "dependencies": {
    "esbuild-wasm": {
      "version": "0.8.27",
      "resolved": "https://registry.npmjs.org/esbuild-wasm/-/esbuild-wasm-0.8.27.tgz",
      "integrity": "sha512-gwUPDOwWgyD7i9r7LQTpQCKl0dCy4vpKS90YB+LwNW9FBWejrGffL0DF6rwXkY4Sfx2xQ+pth9YFZ2HpNeYFFA=="
    }
  }
}
